
Microsoft Visual Studio Solution File, Format Version 12.00
# Visual Studio Version 16
VisualStudioVersion = 16.0.32106.194
MinimumVisualStudioVersion = 10.0.40219.1
Project("{FAE04EC0-301F-11D3-BF4B-00C04F79EFBC}") = "bsod.Common", "bsod.Common\bsod.Common.csproj", "{8082CE7E-3754-4530-A6DD-04712C89F459}"
EndProject
Global
	GlobalSection(SolutionConfigurationPlatforms) = preSolution
		Debug|Any CPU = Debug|Any CPU
		Release|Any CPU = Release|Any CPU
	EndGlobalSection
	GlobalSection(ProjectConfigurationPlatforms) = postSolution
		{8082CE7E-3754-4530-A6DD-04712C89F459}.Debug|Any CPU.ActiveCfg = Debug|Any CPU
		{8082CE7E-3754-4530-A6DD-04712C89F459}.Debug|Any CPU.Build.0 = Debug|Any CPU
		{8082CE7E-3754-4530-A6DD-04712C89F459}.Release|Any CPU.ActiveCfg = Release|Any CPU
		{8082CE7E-3754-4530-A6DD-04712C89F459}.Release|Any CPU.Build.0 = Release|Any CPU
	EndGlobalSection
	GlobalSection(SolutionProperties) = preSolution
		HideSolutionNode = FALSE
	EndGlobalSection
	GlobalSection(ExtensibilityGlobals) = postSolution
		SolutionGuid = {DBB9023A-A916-49BD-ADDB-B769F91CEDBF}
	EndGlobalSection
EndGlobal
